[[package]]
name = "adafruit-blinka"
version = "7.2.0"
description = "CircuitPython APIs for non-CircuitPython versions of Python such as CPython on Linux and MicroPython."
category = "main"
optional = false
python-versions = ">=3.7.0"

[package.dependencies]
Adafruit-PlatformDetect = ">=3.13.0"
Adafruit-PureIO = ">=1.1.7"
pyftdi = ">=0.40.0"

[[package]]
name = "adafruit-circuitpython-bme680"
version = "3.4.2"
description = "CircuitPython library for BME680 temperature, pressure and humidity sensor."
category = "main"
optional = false
python-versions = "*"

[package.dependencies]
Adafruit-Blinka = "*"
adafruit-circuitpython-busdevice = "*"

[[package]]
name = "adafruit-circuitpython-busdevice"
version = "5.1.8"
description = "CircuitPython bus device classes to manage bus sharing."
category = "main"
optional = false
python-versions = ">=3.7.0"

[package.dependencies]
Adafruit-Blinka = ">=7.0.0"
adafruit-circuitpython-typing = "*"

[[package]]
name = "adafruit-circuitpython-thermal-printer"
version = "1.3.6"
description = "CircuitPython library for controlling thermal printers."
category = "main"
optional = false
python-versions = "*"

[package.dependencies]
Adafruit-Blinka = "*"
pyserial = "*"

[[package]]
name = "adafruit-circuitpython-typing"
version = "1.3.1"
description = "Types needed for type annotation that are not in `typing`"
category = "main"
optional = false
python-versions = "*"

[package.dependencies]
adafruit-circuitpython-busdevice = "*"
typing_extensions = {version = "*", markers = "python_version <= \"3.7\""}

[[package]]
name = "adafruit-platformdetect"
version = "3.22.0"
description = "Platform detection for use by libraries like Adafruit-Blinka."
category = "main"
optional = false
python-versions = ">=3.7.0"

[[package]]
name = "adafruit-pureio"
version = "1.1.9"
description = "Pure python (i.e. no native extensions) access to Linux IO    including I2C and SPI. Drop in replacement for smbus and spidev modules."
category = "main"
optional = false
python-versions = ">=3.5.0"

[[package]]
name = "awscrt"
version = "0.13.6"
description = "A common runtime for AWS Python projects"
category = "main"
optional = false
python-versions = ">=3.5"

[package.source]
type = "url"
url = "https://www.piwheels.org/simple/awscrt/awscrt-0.10.8-cp35-cp35m-linux_armv6l.whl"

[[package]]
name = "awsiotsdk"
version = "1.10.0"
description = "AWS IoT SDK based on the AWS Common Runtime"
category = "main"
optional = false
python-versions = ">=3.6"

[package.dependencies]
awscrt = "0.13.6"

[[package]]
name = "pydash"
version = "4.9.3"
description = "The kitchen sink of Python utility libraries for doing \"stuff\" in a functional way. Based on the Lo-Dash Javascript library."
category = "main"
optional = false
python-versions = "*"

[package.extras]
dev = ["coverage", "docformatter", "flake8", "invoke", "mock", "pylint", "pytest", "pytest-cov", "pytest-flake8", "pytest-pylint", "sphinx", "sphinx-rtd-theme", "tox", "twine", "wheel", "black", "flake8-black", "flake8-bugbear", "flake8-isort", "isort"]

[[package]]
name = "pyftdi"
version = "0.54.0"
description = "FTDI device driver (pure Python)"
category = "main"
optional = false
python-versions = ">=3.7"

[package.dependencies]
pyserial = ">=3.0"
pyusb = ">=1.0.0,<1.2.0 || >1.2.0"

[[package]]
name = "pyserial"
version = "3.5"
description = "Python Serial Port Extension"
category = "main"
optional = false
python-versions = "*"

[package.extras]
cp2110 = ["hidapi"]

[[package]]
name = "pyusb"
version = "1.2.1"
description = "Python USB access module"
category = "main"
optional = false
python-versions = ">=3.6.0"

[[package]]
name = "typing-extensions"
version = "4.1.1"
description = "Backported and Experimental Type Hints for Python 3.6+"
category = "main"
optional = false
python-versions = ">=3.6"

[metadata]
lock-version = "1.1"
python-versions = "^3.7"
content-hash = "2a753e62d9c5e93d624bc0cdebe8e9e73545c9fe3d0890a17fa06a008e5a8e85"

[metadata.files]
adafruit-blinka = [
    {file = "Adafruit-Blinka-7.2.0.tar.gz", hash = "sha256:527bcbdd84f5bbf1fcbb75c08444b3843150503fb802f4389fa4fd1d00235cf7"},
]
adafruit-circuitpython-bme680 = [
    {file = "adafruit-circuitpython-bme680-3.4.2.tar.gz", hash = "sha256:301a3f74415576af2fb685580f761cf5c28990d34c23e801f2c18771b0ccb358"},
]
adafruit-circuitpython-busdevice = [
    {file = "adafruit-circuitpython-busdevice-5.1.8.tar.gz", hash = "sha256:fc9717e8d053ab0168e04eaae4b6ace3023baef1e7046a8b72ff54eb512963aa"},
]
adafruit-circuitpython-thermal-printer = [
    {file = "adafruit-circuitpython-thermal-printer-1.3.6.tar.gz", hash = "sha256:cd54f9ea7d2b387ab018f3f248e798c28c055b5690c629342ac41bf6e92ce2b1"},
]
adafruit-circuitpython-typing = [
    {file = "adafruit-circuitpython-typing-1.3.1.tar.gz", hash = "sha256:f3bf78ffb69f1d798fae5d91c6ee0827e69683f599e7b61ea82c121dd689a9a1"},
]
adafruit-platformdetect = [
    {file = "Adafruit-PlatformDetect-3.22.0.tar.gz", hash = "sha256:5e707a6924ca455ef65a3717c7d8cf67e146982361e9dbf089abbb5839721393"},
]
adafruit-pureio = [
    {file = "Adafruit_PureIO-1.1.9.tar.gz", hash = "sha256:2caf22fb07c7f771d83267f331a76cde314723f884a9570ea6f768730c87a879"},
]
awscrt = [
    {file = "awscrt-0.13.6-cp310-cp310-macosx_10_9_universal2.whl", hash = "sha256:f1a772d55c36847dc2ce455ba515cc981927738fe3e60192a19d9a668d3da79f"},
    {file = "awscrt-0.13.6-cp310-cp310-manylinux_2_17_aarch64.manylinux2014_aarch64.whl", hash = "sha256:d4c9988976d66fbc0b4d3545f238332a60f6084ed993b89e0966c0f4b258293f"},
    {file = "awscrt-0.13.6-cp310-cp310-manylinux_2_17_x86_64.manylinux2014_x86_64.whl", hash = "sha256:ee1a9803ed6373924a9c52439d099035fd9ca73dd8b16cb591d82d7c1aa27551"},
    {file = "awscrt-0.13.6-cp310-cp310-win32.whl", hash = "sha256:412cd5b6315779a687dd81e33306480e64b6ea4eb088f5d099cf405cca062507"},
    {file = "awscrt-0.13.6-cp310-cp310-win_amd64.whl", hash = "sha256:c695f63fa2b3588829ae04f047dff1bf6812f68c26623f3b19209b6e2ea8ec9b"},
    {file = "awscrt-0.13.6-cp35-cp35m-manylinux_2_5_i686.manylinux1_i686.whl", hash = "sha256:8db89881580ef14f7e575dd89330be38445f948b5a74a098e6d7ff9c1288ec4d"},
    {file = "awscrt-0.13.6-cp35-cp35m-manylinux_2_5_x86_64.manylinux1_x86_64.whl", hash = "sha256:c8226f396a59de84dadae0560308e97debbd29831795ac6d78cd6b8e7ca76fa6"},
    {file = "awscrt-0.13.6-cp36-cp36m-macosx_10_9_x86_64.whl", hash = "sha256:d71ee3195ed378e42ee288d80a614418d4ccc779754fcdcef2ec76dcc0d804cc"},
    {file = "awscrt-0.13.6-cp36-cp36m-manylinux_2_17_aarch64.manylinux2014_aarch64.whl", hash = "sha256:a4b18676dd4c8b407d9a1facdc27efe57dcad4dbdd33cb43270627954a6ec637"},
    {file = "awscrt-0.13.6-cp36-cp36m-manylinux_2_17_x86_64.manylinux2014_x86_64.whl", hash = "sha256:1b2146891b16d3d7115d6310e66ffa9d5e308a7be5c1b8bbe5b7948f5a1ba74a"},
    {file = "awscrt-0.13.6-cp36-cp36m-manylinux_2_5_i686.manylinux1_i686.whl", hash = "sha256:cdd768b35d8b7d11d228c7cac9f1215868c67ff13dc8d87c2977e3ba7d1e3e88"},
    {file = "awscrt-0.13.6-cp36-cp36m-manylinux_2_5_x86_64.manylinux1_x86_64.whl", hash = "sha256:f023aa4d05e0e9a66d7e3b6155702c75859d4f5d7ad5b98a0f81da3108418ad6"},
    {file = "awscrt-0.13.6-cp36-cp36m-win32.whl", hash = "sha256:a456f98355ca27e43f1def3a686f997d0a193b1da4a078a73a1dd4efd9859dcc"},
    {file = "awscrt-0.13.6-cp36-cp36m-win_amd64.whl", hash = "sha256:521fc68b8504a73f0f9b9c943b29bc199a73757439caafd921fb74dc737d37c7"},
    {file = "awscrt-0.13.6-cp37-cp37m-macosx_10_9_x86_64.whl", hash = "sha256:ccd5684402f33f77278a4d3a446a45e98187d8bdc6022bdca1013503a7d48403"},
    {file = "awscrt-0.13.6-cp37-cp37m-manylinux_2_17_aarch64.manylinux2014_aarch64.whl", hash = "sha256:725c3e8302b99ae87d3bf5b056187e572ad68d69dcf81d8a140e71a314a4dff9"},
    {file = "awscrt-0.13.6-cp37-cp37m-manylinux_2_17_x86_64.manylinux2014_x86_64.whl", hash = "sha256:337449f2a70100211b8614a87f16d7486f2a04a624bafb972f42109b58776e81"},
    {file = "awscrt-0.13.6-cp37-cp37m-manylinux_2_5_i686.manylinux1_i686.whl", hash = "sha256:07c2267146209ff745b083f11226e88c12ab8a8bd34d2feb2a6b752a118d3f9f"},
    {file = "awscrt-0.13.6-cp37-cp37m-manylinux_2_5_x86_64.manylinux1_x86_64.whl", hash = "sha256:27554baa9f0f58d0799351e2482d489132c00778cef973dfb161803487f23e1e"},
    {file = "awscrt-0.13.6-cp37-cp37m-win32.whl", hash = "sha256:8e4a0a5f4efcfe784dd9054f35bba0af78fc79ab614975b924c101477562be5f"},
    {file = "awscrt-0.13.6-cp37-cp37m-win_amd64.whl", hash = "sha256:32996a94c9fa87ed19a1e3e750fa22277ec6bb87e0c6724e4ec6a490b7ba9e75"},
    {file = "awscrt-0.13.6-cp38-cp38-macosx_10_9_x86_64.whl", hash = "sha256:631dd7e6c02e1735a0a3b12d36307281a7240699753ecb3982bc4eb5f2657547"},
    {file = "awscrt-0.13.6-cp38-cp38-manylinux_2_17_aarch64.manylinux2014_aarch64.whl", hash = "sha256:5c7163f30687912e75903690c894fd6261a947f3f377324a040769f80b1ef87a"},
    {file = "awscrt-0.13.6-cp38-cp38-manylinux_2_17_x86_64.manylinux2014_x86_64.whl", hash = "sha256:1a54172574469abb5ad3103b7d7b6be4956558f0b808e94e8c6736402e372ba4"},
    {file = "awscrt-0.13.6-cp38-cp38-manylinux_2_5_i686.manylinux1_i686.whl", hash = "sha256:7bdc2b4f900fdc5f326202dad3034083fb9a9ec42d60ea655703fdbcca4bdc89"},
    {file = "awscrt-0.13.6-cp38-cp38-manylinux_2_5_x86_64.manylinux1_x86_64.whl", hash = "sha256:60f2f1af2fd2a18d8435aa3a9775eabb6f30748b28f288309a603ab52c7db0be"},
    {file = "awscrt-0.13.6-cp38-cp38-win32.whl", hash = "sha256:a853b35b0f9f8b390d007c5162922e6f6c1adc108a1048dd10e4921b7d35ae42"},
    {file = "awscrt-0.13.6-cp38-cp38-win_amd64.whl", hash = "sha256:ce6c37111a76070423dbfa70c3db1984a90bec43479e5c92e417239f253dc29d"},
    {file = "awscrt-0.13.6-cp39-cp39-macosx_10_9_universal2.whl", hash = "sha256:57329300a32b773a4db2bfd921861961c39c0f8dd95ab6daf4b33be34cb3766f"},
    {file = "awscrt-0.13.6-cp39-cp39-manylinux_2_17_aarch64.manylinux2014_aarch64.whl", hash = "sha256:fab6d2b3ac7392062de5d7e3453d52710aed349dd362d303db37ee7dcb278bb6"},
    {file = "awscrt-0.13.6-cp39-cp39-manylinux_2_17_x86_64.manylinux2014_x86_64.whl", hash = "sha256:bcb0382bea9dfb2d466f01f82b67d6af4417dbaf0d21d9397fe0c3214e82bb0d"},
    {file = "awscrt-0.13.6-cp39-cp39-manylinux_2_5_i686.manylinux1_i686.whl", hash = "sha256:82439fd30a359904689799b917f45f2dfb4721412958932b1e44c0444668a0b1"},
    {file = "awscrt-0.13.6-cp39-cp39-manylinux_2_5_x86_64.manylinux1_x86_64.whl", hash = "sha256:fa852cd2339ad337d02e636ed4d92e40bcd9802d0f036c1438815f1c5276388c"},
    {file = "awscrt-0.13.6-cp39-cp39-win32.whl", hash = "sha256:2d80ff847b69f266a06c6eecfe5bb902a657dad0ddd611550820a6dbecad1457"},
    {file = "awscrt-0.13.6-cp39-cp39-win_amd64.whl", hash = "sha256:8c58458fd85832a3d3ee6af6668ce05737d1a31fc72ae10d4ffaa2a13c88b2e0"},
    {file = "awscrt-0.13.6.tar.gz", hash = "sha256:699d4caae73821fadd5a339a1cc8a98cd6fa80b1866dd292f1a8796f7ddea86a"},
]
awsiotsdk = [
    {file = "awsiotsdk-1.10.0-py3-none-any.whl", hash = "sha256:d419fb8e62687bad59a5b1e580758eb2a79cae56a88158ef773b36c3e470265b"},
    {file = "awsiotsdk-1.10.0.tar.gz", hash = "sha256:2ecfef5db8927b33a570f8b045ef96c9a2f006a59667ca5c9abfac9795d70842"},
]
pydash = [
    {file = "pydash-4.9.3-py2.py3-none-any.whl", hash = "sha256:7851a2d749e70c02585ae4803b01c5e0f47b7ec9df9b84ccb16aac38cad2fdd2"},
    {file = "pydash-4.9.3.tar.gz", hash = "sha256:d709e57b537b1aaf118f188da3ec6242a665090ecd7839b66f857ee3dc2bb006"},
]
pyftdi = [
    {file = "pyftdi-0.54.0-py3-none-any.whl", hash = "sha256:112f16ee5b2a2becb8f8df9dd40b3bba007589f34e7613024122d94bd56eb7d7"},
    {file = "pyftdi-0.54.0.tar.gz", hash = "sha256:8df9af22077d17533d2f95b508b1d87959877627ea5dc2369056e90a3b5a232d"},
]
pyserial = [
    {file = "pyserial-3.5-py2.py3-none-any.whl", hash = "sha256:c4451db6ba391ca6ca299fb3ec7bae67a5c55dde170964c7a14ceefec02f2cf0"},
    {file = "pyserial-3.5.tar.gz", hash = "sha256:3c77e014170dfffbd816e6ffc205e9842efb10be9f58ec16d3e8675b4925cddb"},
]
pyusb = [
    {file = "pyusb-1.2.1-py3-none-any.whl", hash = "sha256:2b4c7cb86dbadf044dfb9d3a4ff69fd217013dbe78a792177a3feb172449ea36"},
    {file = "pyusb-1.2.1.tar.gz", hash = "sha256:a4cc7404a203144754164b8b40994e2849fde1cfff06b08492f12fff9d9de7b9"},
]
typing-extensions = [
    {file = "typing_extensions-4.1.1-py3-none-any.whl", hash = "sha256:21c85e0fe4b9a155d0799430b0ad741cdce7e359660ccbd8b530613e8df88ce2"},
    {file = "typing_extensions-4.1.1.tar.gz", hash = "sha256:1a9462dcc3347a79b1f1c0271fbe79e844580bb598bafa1ed208b94da3cdcd42"},
]
